
Microsoft Visual Studio Solution File, Format Version 12.00
# Visual Studio Version 17
VisualStudioVersion = 17.13.35617.110
MinimumVisualStudioVersion = 10.0.40219.1
Project("{FAE04EC0-301F-11D3-BF4B-00C04F79EFBC}") = "CRUDReactJSNetCore.Domain", "CRUDReactJSNetCore.Domain\CRUDReactJSNetCore.Domain.csproj", "{853E7D64-F994-41F9-905E-1DCF2DE93947}"
EndProject
Project("{FAE04EC0-301F-11D3-BF4B-00C04F79EFBC}") = "CRUDReactJSNetCore.Application", "CRUDReactJSNetCore.Application\CRUDReactJSNetCore.Application.csproj", "{C5FF009C-5FDD-467F-AB74-6232F73C154E}"
EndProject
Project("{FAE04EC0-301F-11D3-BF4B-00C04F79EFBC}") = "CRUDReactJSNetCore.Infrastructure", "CRUDReactJSNetCore.Infrastructure\CRUDReactJSNetCore.Infrastructure.csproj", "{08881A31-6C4B-4DCE-8F70-19B49F4ADBDB}"
EndProject
Project("{FAE04EC0-301F-11D3-BF4B-00C04F79EFBC}") = "CRUDReactJSNetCore.Test", "CRUDReactJSNetCore.Test\CRUDReactJSNetCore.Test.csproj", "{9D141E09-F052-4C64-95D6-DFEBA845392B}"
EndProject
Project("{FAE04EC0-301F-11D3-BF4B-00C04F79EFBC}") = "Funcionario.Api", "Funcionario.Api\Funcionario.Api.csproj", "{FAD2B8F7-9062-4E50-BF5A-C1D4D5621B58}"
EndProject
Project("{E53339B2-1760-4266-BCC7-CA923CBCF16C}") = "docker-compose", "docker-compose.dcproj", "{81DDED9D-158B-E303-5F62-77A2896D2A5A}"
EndProject
Project("{FAE04EC0-301F-11D3-BF4B-00C04F79EFBC}") = "Autenticacao.API", "Autenticacao.API\Autenticacao.API.csproj", "{D036893C-150A-4776-B16F-E0CB33ACD023}"
EndProject
Global
	GlobalSection(SolutionConfigurationPlatforms) = preSolution
		Debug|Any CPU = Debug|Any CPU
		Release|Any CPU = Release|Any CPU
	EndGlobalSection
	GlobalSection(ProjectConfigurationPlatforms) = postSolution
		{853E7D64-F994-41F9-905E-1DCF2DE93947}.Debug|Any CPU.ActiveCfg = Debug|Any CPU
		{853E7D64-F994-41F9-905E-1DCF2DE93947}.Debug|Any CPU.Build.0 = Debug|Any CPU
		{853E7D64-F994-41F9-905E-1DCF2DE93947}.Release|Any CPU.ActiveCfg = Release|Any CPU
		{853E7D64-F994-41F9-905E-1DCF2DE93947}.Release|Any CPU.Build.0 = Release|Any CPU
		{C5FF009C-5FDD-467F-AB74-6232F73C154E}.Debug|Any CPU.ActiveCfg = Debug|Any CPU
		{C5FF009C-5FDD-467F-AB74-6232F73C154E}.Debug|Any CPU.Build.0 = Debug|Any CPU
		{C5FF009C-5FDD-467F-AB74-6232F73C154E}.Release|Any CPU.ActiveCfg = Release|Any CPU
		{C5FF009C-5FDD-467F-AB74-6232F73C154E}.Release|Any CPU.Build.0 = Release|Any CPU
		{08881A31-6C4B-4DCE-8F70-19B49F4ADBDB}.Debug|Any CPU.ActiveCfg = Debug|Any CPU
		{08881A31-6C4B-4DCE-8F70-19B49F4ADBDB}.Debug|Any CPU.Build.0 = Debug|Any CPU
		{08881A31-6C4B-4DCE-8F70-19B49F4ADBDB}.Release|Any CPU.ActiveCfg = Release|Any CPU
		{08881A31-6C4B-4DCE-8F70-19B49F4ADBDB}.Release|Any CPU.Build.0 = Release|Any CPU
		{9D141E09-F052-4C64-95D6-DFEBA845392B}.Debug|Any CPU.ActiveCfg = Debug|Any CPU
		{9D141E09-F052-4C64-95D6-DFEBA845392B}.Debug|Any CPU.Build.0 = Debug|Any CPU
		{9D141E09-F052-4C64-95D6-DFEBA845392B}.Release|Any CPU.ActiveCfg = Release|Any CPU
		{9D141E09-F052-4C64-95D6-DFEBA845392B}.Release|Any CPU.Build.0 = Release|Any CPU
		{FAD2B8F7-9062-4E50-BF5A-C1D4D5621B58}.Debug|Any CPU.ActiveCfg = Debug|Any CPU
		{FAD2B8F7-9062-4E50-BF5A-C1D4D5621B58}.Debug|Any CPU.Build.0 = Debug|Any CPU
		{FAD2B8F7-9062-4E50-BF5A-C1D4D5621B58}.Release|Any CPU.ActiveCfg = Release|Any CPU
		{FAD2B8F7-9062-4E50-BF5A-C1D4D5621B58}.Release|Any CPU.Build.0 = Release|Any CPU
		{81DDED9D-158B-E303-5F62-77A2896D2A5A}.Debug|Any CPU.ActiveCfg = Debug|Any CPU
		{81DDED9D-158B-E303-5F62-77A2896D2A5A}.Debug|Any CPU.Build.0 = Debug|Any CPU
		{81DDED9D-158B-E303-5F62-77A2896D2A5A}.Release|Any CPU.ActiveCfg = Release|Any CPU
		{81DDED9D-158B-E303-5F62-77A2896D2A5A}.Release|Any CPU.Build.0 = Release|Any CPU
		{D036893C-150A-4776-B16F-E0CB33ACD023}.Debug|Any CPU.ActiveCfg = Debug|Any CPU
		{D036893C-150A-4776-B16F-E0CB33ACD023}.Debug|Any CPU.Build.0 = Debug|Any CPU
		{D036893C-150A-4776-B16F-E0CB33ACD023}.Release|Any CPU.ActiveCfg = Release|Any CPU
		{D036893C-150A-4776-B16F-E0CB33ACD023}.Release|Any CPU.Build.0 = Release|Any CPU
	EndGlobalSection
	GlobalSection(SolutionProperties) = preSolution
		HideSolutionNode = FALSE
	EndGlobalSection
	GlobalSection(ExtensibilityGlobals) = postSolution
		SolutionGuid = {BB37B50D-C0C0-43AA-9B0C-FEA147BE6BE9}
	EndGlobalSection
EndGlobal
